
Microsoft Visual Studio Solution File, Format Version 12.00
# Visual Studio Version 16
VisualStudioVersion = 16.0.34931.43
MinimumVisualStudioVersion = 10.0.40219.1
Project("{FAE04EC0-301F-11D3-BF4B-00C04F79EFBC}") = "TicketIt", "TicketIt\TicketIt.csproj", "{1A42E6E4-C834-4F8D-BA37-4A95AB1D6331}"
EndProject
Global
	GlobalSection(SolutionConfigurationPlatforms) = preSolution
		Debug|Any CPU = Debug|Any CPU
		Release|Any CPU = Release|Any CPU
	EndGlobalSection
	GlobalSection(ProjectConfigurationPlatforms) = postSolution
		{1A42E6E4-C834-4F8D-BA37-4A95AB1D6331}.Debug|Any CPU.ActiveCfg = Debug|Any CPU
		{1A42E6E4-C834-4F8D-BA37-4A95AB1D6331}.Debug|Any CPU.Build.0 = Debug|Any CPU
		{1A42E6E4-C834-4F8D-BA37-4A95AB1D6331}.Release|Any CPU.ActiveCfg = Release|Any CPU
		{1A42E6E4-C834-4F8D-BA37-4A95AB1D6331}.Release|Any CPU.Build.0 = Release|Any CPU
	EndGlobalSection
	GlobalSection(SolutionProperties) = preSolution
		HideSolutionNode = FALSE
	EndGlobalSection
	GlobalSection(ExtensibilityGlobals) = postSolution
		SolutionGuid = {DD8A780A-44EE-4A16-808C-94E4823E0053}
	EndGlobalSection
EndGlobal
